
Microsoft Visual Studio Solution File, Format Version 12.00
# Visual Studio Version 16
VisualStudioVersion = 16.0.30503.244
MinimumVisualStudioVersion = 10.0.40219.1
Project("{9A19103F-16F7-4668-BE54-9A1E7A4F7556}") = "NLog.Test", "NLog.Test\NLog.Test.csproj", "{9194ED4E-2125-40C0-8739-54169B364D92}"
EndProject
Project("{FAE04EC0-301F-11D3-BF4B-00C04F79EFBC}") = "NLog.MVC.Test", "NLog.MVC.Test\NLog.MVC.Test.csproj", "{04B255FB-093E-4C7E-A8F6-847CB1FCD443}"
EndProject
Global
	GlobalSection(SolutionConfigurationPlatforms) = preSolution
		Debug|Any CPU = Debug|Any CPU
		Release|Any CPU = Release|Any CPU
	EndGlobalSection
	GlobalSection(ProjectConfigurationPlatforms) = postSolution
		{9194ED4E-2125-40C0-8739-54169B364D92}.Debug|Any CPU.ActiveCfg = Debug|Any CPU
		{9194ED4E-2125-40C0-8739-54169B364D92}.Debug|Any CPU.Build.0 = Debug|Any CPU
		{9194ED4E-2125-40C0-8739-54169B364D92}.Release|Any CPU.ActiveCfg = Release|Any CPU
		{9194ED4E-2125-40C0-8739-54169B364D92}.Release|Any CPU.Build.0 = Release|Any CPU
		{04B255FB-093E-4C7E-A8F6-847CB1FCD443}.Debug|Any CPU.ActiveCfg = Debug|Any CPU
		{04B255FB-093E-4C7E-A8F6-847CB1FCD443}.Debug|Any CPU.Build.0 = Debug|Any CPU
		{04B255FB-093E-4C7E-A8F6-847CB1FCD443}.Release|Any CPU.ActiveCfg = Release|Any CPU
		{04B255FB-093E-4C7E-A8F6-847CB1FCD443}.Release|Any CPU.Build.0 = Release|Any CPU
	EndGlobalSection
	GlobalSection(SolutionProperties) = preSolution
		HideSolutionNode = FALSE
	EndGlobalSection
	GlobalSection(ExtensibilityGlobals) = postSolution
		SolutionGuid = {3F6811BE-4A6D-4CC9-A974-065921DE8328}
	EndGlobalSection
EndGlobal
